
Microsoft Visual Studio Solution File, Format Version 12.00
# Visual Studio Version 16
VisualStudioVersion = 16.0.30011.22
MinimumVisualStudioVersion = 10.0.40219.1
Project("{FAE04EC0-301F-11D3-BF4B-00C04F79EFBC}") = "eLOITsModSync", "eLOITsModSync.csproj", "{17E39542-327C-4BB2-A1D5-72925F261564}"
EndProject
Global
	GlobalSection(SolutionConfigurationPlatforms) = preSolution
		Debug|Any CPU = Debug|Any CPU
		Release|Any CPU = Release|Any CPU
	EndGlobalSection
	GlobalSection(ProjectConfigurationPlatforms) = postSolution
		{17E39542-327C-4BB2-A1D5-72925F261564}.Debug|Any CPU.ActiveCfg = Debug|Any CPU
		{17E39542-327C-4BB2-A1D5-72925F261564}.Debug|Any CPU.Build.0 = Debug|Any CPU
		{17E39542-327C-4BB2-A1D5-72925F261564}.Release|Any CPU.ActiveCfg = Release|Any CPU
		{17E39542-327C-4BB2-A1D5-72925F261564}.Release|Any CPU.Build.0 = Release|Any CPU
	EndGlobalSection
	GlobalSection(SolutionProperties) = preSolution
		HideSolutionNode = FALSE
	EndGlobalSection
	GlobalSection(ExtensibilityGlobals) = postSolution
		SolutionGuid = {AC4CB01E-49A9-4E7A-968E-0E646F453092}
	EndGlobalSection
EndGlobal
